// !$*UTF8*$!
{
	archiveVersion = 1;
	classes = {
	};
	objectVersion = 56;
	objects = {

/* Begin PBXBuildFile section */
		CA276A512AFA99E100E88554 /* Recipe_BrowserApp.swift in Sources */ = {isa = PBXBuildFile; fileRef = CA276A502AFA99E100E88554 /* Recipe_BrowserApp.swift */; };
		CA276A532AFA99E100E88554 /* ContentView.swift in Sources */ = {isa = PBXBuildFile; fileRef = CA276A522AFA99E100E88554 /* ContentView.swift */; };
		CA276A552AFA99E400E88554 /* Assets.xcassets in Resources */ = {isa = PBXBuildFile; fileRef = CA276A542AFA99E400E88554 /* Assets.xcassets */; };
		CA276A582AFA99E400E88554 /* Preview Assets.xcassets in Resources */ = {isa = PBXBuildFile; fileRef = CA276A572AFA99E400E88554 /* Preview Assets.xcassets */; };
		CA276A622AFA99E400E88554 /* Recipe_BrowserTests.swift in Sources */ = {isa = PBXBuildFile; fileRef = CA276A612AFA99E400E88554 /* Recipe_BrowserTests.swift */; };
		CA276A6C2AFA99E400E88554 /* Recipe_BrowserUITests.swift in Sources */ = {isa = PBXBuildFile; fileRef = CA276A6B2AFA99E400E88554 /* Recipe_BrowserUITests.swift */; };
		CA276A6E2AFA99E400E88554 /* Recipe_BrowserUITestsLaunchTests.swift in Sources */ = {isa = PBXBuildFile; fileRef = CA276A6D2AFA99E400E88554 /* Recipe_BrowserUITestsLaunchTests.swift */; };
		CA276A7B2AFA9A4300E88554 /* DessertDetailView.swift in Sources */ = {isa = PBXBuildFile; fileRef = CA276A7A2AFA9A4300E88554 /* DessertDetailView.swift */; };
		CA276A7D2AFA9F6000E88554 /* DessertRowView.swift in Sources */ = {isa = PBXBuildFile; fileRef = CA276A7C2AFA9F6000E88554 /* DessertRowView.swift */; };
		CA276A7F2AFAA41C00E88554 /* Dessert.swift in Sources */ = {isa = PBXBuildFile; fileRef = CA276A7E2AFAA41C00E88554 /* Dessert.swift */; };
		CA276A842AFD89CD00E88554 /* ViewModel.swift in Sources */ = {isa = PBXBuildFile; fileRef = CA276A832AFD89CD00E88554 /* ViewModel.swift */; };
		CA276A872AFEC37500E88554 /* DessertListView.swift in Sources */ = {isa = PBXBuildFile; fileRef = CA276A862AFEC37500E88554 /* DessertListView.swift */; };
		CA7329B82B045B630023D864 /* SuggestedDessertView.swift in Sources */ = {isa = PBXBuildFile; fileRef = CA7329B72B045B630023D864 /* SuggestedDessertView.swift */; };
		CA7329BB2B05D8430023D864 /* SimilarDessertButtonStyle.swift in Sources */ = {isa = PBXBuildFile; fileRef = CA7329BA2B05D8430023D864 /* SimilarDessertButtonStyle.swift */; };
		CA7329BE2B05D8C00023D864 /* DessertError.swift in Sources */ = {isa = PBXBuildFile; fileRef = CA7329BD2B05D8C00023D864 /* DessertError.swift */; };
/* End PBXBuildFile section */

/* Begin PBXContainerItemProxy section */
		CA276A5E2AFA99E400E88554 /* PBXContainerItemProxy */ = {
			isa = PBXContainerItemProxy;
			containerPortal = CA276A452AFA99E100E88554 /* Project object */;
			proxyType = 1;
			remoteGlobalIDString = CA276A4C2AFA99E100E88554;
			remoteInfo = "Recipe Browser";
		};
		CA276A682AFA99E400E88554 /* PBXContainerItemProxy */ = {
			isa = PBXContainerItemProxy;
			containerPortal = CA276A452AFA99E100E88554 /* Project object */;
			proxyType = 1;
			remoteGlobalIDString = CA276A4C2AFA99E100E88554;
			remoteInfo = "Recipe Browser";
		};
/* End PBXContainerItemProxy section */

/* Begin PBXFileReference section */
		CA276A4D2AFA99E100E88554 /* Recipe Browser.app */ = {isa = PBXFileReference; explicitFileType = wrapper.application; includeInIndex = 0; path = "Recipe Browser.app"; sourceTree = BUILT_PRODUCTS_DIR; };
		CA276A502AFA99E100E88554 /* Recipe_BrowserApp.swift */ = {isa = PBXFileReference; lastKnownFileType = sourcecode.swift; path = Recipe_BrowserApp.swift; sourceTree = "<group>"; };
		CA276A522AFA99E100E88554 /* ContentView.swift */ = {isa = PBXFileReference; lastKnownFileType = sourcecode.swift; path = ContentView.swift; sourceTree = "<group>"; };
		CA276A542AFA99E400E88554 /* Assets.xcassets */ = {isa = PBXFileReference; lastKnownFileType = folder.assetcatalog; path = Assets.xcassets; sourceTree = "<group>"; };
		CA276A572AFA99E400E88554 /* Preview Assets.xcassets */ = {isa = PBXFileReference; lastKnownFileType = folder.assetcatalog; path = "Preview Assets.xcassets"; sourceTree = "<group>"; };
		CA276A5D2AFA99E400E88554 /* Recipe BrowserTests.xctest */ = {isa = PBXFileReference; explicitFileType = wrapper.cfbundle; includeInIndex = 0; path = "Recipe BrowserTests.xctest"; sourceTree = BUILT_PRODUCTS_DIR; };
		CA276A612AFA99E400E88554 /* Recipe_BrowserTests.swift */ = {isa = PBXFileReference; lastKnownFileType = sourcecode.swift; path = Recipe_BrowserTests.swift; sourceTree = "<group>"; };
		CA276A672AFA99E400E88554 /* Recipe BrowserUITests.xctest */ = {isa = PBXFileReference; explicitFileType = wrapper.cfbundle; includeInIndex = 0; path = "Recipe BrowserUITests.xctest"; sourceTree = BUILT_PRODUCTS_DIR; };
		CA276A6B2AFA99E400E88554 /* Recipe_BrowserUITests.swift */ = {isa = PBXFileReference; lastKnownFileType = sourcecode.swift; path = Recipe_BrowserUITests.swift; sourceTree = "<group>"; };
		CA276A6D2AFA99E400E88554 /* Recipe_BrowserUITestsLaunchTests.swift */ = {isa = PBXFileReference; lastKnownFileType = sourcecode.swift; path = Recipe_BrowserUITestsLaunchTests.swift; sourceTree = "<group>"; };
		CA276A7A2AFA9A4300E88554 /* DessertDetailView.swift */ = {isa = PBXFileReference; lastKnownFileType = sourcecode.swift; path = DessertDetailView.swift; sourceTree = "<group>"; };
		CA276A7C2AFA9F6000E88554 /* DessertRowView.swift */ = {isa = PBXFileReference; lastKnownFileType = sourcecode.swift; path = DessertRowView.swift; sourceTree = "<group>"; };
		CA276A7E2AFAA41C00E88554 /* Dessert.swift */ = {isa = PBXFileReference; lastKnownFileType = sourcecode.swift; path = Dessert.swift; sourceTree = "<group>"; };
		CA276A832AFD89CD00E88554 /* ViewModel.swift */ = {isa = PBXFileReference; lastKnownFileType = sourcecode.swift; path = ViewModel.swift; sourceTree = "<group>"; };
		CA276A862AFEC37500E88554 /* DessertListView.swift */ = {isa = PBXFileReference; lastKnownFileType = sourcecode.swift; path = DessertListView.swift; sourceTree = "<group>"; };
		CA7329B72B045B630023D864 /* SuggestedDessertView.swift */ = {isa = PBXFileReference; lastKnownFileType = sourcecode.swift; path = SuggestedDessertView.swift; sourceTree = "<group>"; };
		CA7329BA2B05D8430023D864 /* SimilarDessertButtonStyle.swift */ = {isa = PBXFileReference; lastKnownFileType = sourcecode.swift; path = SimilarDessertButtonStyle.swift; sourceTree = "<group>"; };
		CA7329BD2B05D8C00023D864 /* DessertError.swift */ = {isa = PBXFileReference; lastKnownFileType = sourcecode.swift; path = DessertError.swift; sourceTree = "<group>"; };
/* End PBXFileReference section */

/* Begin PBXFrameworksBuildPhase section */
		CA276A4A2AFA99E100E88554 /* Frameworks */ = {
			isa = PBXFrameworksBuildPhase;
			buildActionMask = 2147483647;
			files = (
			);
			runOnlyForDeploymentPostprocessing = 0;
		};
		CA276A5A2AFA99E400E88554 /* Frameworks */ = {
			isa = PBXFrameworksBuildPhase;
			buildActionMask = 2147483647;
			files = (
			);
			runOnlyForDeploymentPostprocessing = 0;
		};
		CA276A642AFA99E400E88554 /* Frameworks */ = {
			isa = PBXFrameworksBuildPhase;
			buildActionMask = 2147483647;
			files = (
			);
			runOnlyForDeploymentPostprocessing = 0;
		};
/* End PBXFrameworksBuildPhase section */

/* Begin PBXGroup section */
		CA276A442AFA99E100E88554 = {
			isa = PBXGroup;
			children = (
				CA276A4F2AFA99E100E88554 /* Recipe Browser */,
				CA276A602AFA99E400E88554 /* Recipe BrowserTests */,
				CA276A6A2AFA99E400E88554 /* Recipe BrowserUITests */,
				CA276A4E2AFA99E100E88554 /* Products */,
			);
			sourceTree = "<group>";
		};
		CA276A4E2AFA99E100E88554 /* Products */ = {
			isa = PBXGroup;
			children = (
				CA276A4D2AFA99E100E88554 /* Recipe Browser.app */,
				CA276A5D2AFA99E400E88554 /* Recipe BrowserTests.xctest */,
				CA276A672AFA99E400E88554 /* Recipe BrowserUITests.xctest */,
			);
			name = Products;
			sourceTree = "<group>";
		};
		CA276A4F2AFA99E100E88554 /* Recipe Browser */ = {
			isa = PBXGroup;
			children = (
				CA276A502AFA99E100E88554 /* Recipe_BrowserApp.swift */,
				CA276A522AFA99E100E88554 /* ContentView.swift */,
				CA276A822AFD88A600E88554 /* Model */,
				CA276A852AFD96D700E88554 /* View */,
				CA7329B92B05D1B10023D864 /* ViewModel */,
				CA7329BC2B05D85B0023D864 /* Utility */,
				CA276A542AFA99E400E88554 /* Assets.xcassets */,
				CA276A562AFA99E400E88554 /* Preview Content */,
			);
			path = "Recipe Browser";
			sourceTree = "<group>";
		};
		CA276A562AFA99E400E88554 /* Preview Content */ = {
			isa = PBXGroup;
			children = (
				CA276A572AFA99E400E88554 /* Preview Assets.xcassets */,
			);
			path = "Preview Content";
			sourceTree = "<group>";
		};
		CA276A602AFA99E400E88554 /* Recipe BrowserTests */ = {
			isa = PBXGroup;
			children = (
				CA276A612AFA99E400E88554 /* Recipe_BrowserTests.swift */,
			);
			path = "Recipe BrowserTests";
			sourceTree = "<group>";
		};
		CA276A6A2AFA99E400E88554 /* Recipe BrowserUITests */ = {
			isa = PBXGroup;
			children = (
				CA276A6B2AFA99E400E88554 /* Recipe_BrowserUITests.swift */,
				CA276A6D2AFA99E400E88554 /* Recipe_BrowserUITestsLaunchTests.swift */,
			);
			path = "Recipe BrowserUITests";
			sourceTree = "<group>";
		};
		CA276A822AFD88A600E88554 /* Model */ = {
			isa = PBXGroup;
			children = (
				CA276A7E2AFAA41C00E88554 /* Dessert.swift */,
			);
			path = Model;
			sourceTree = "<group>";
		};
		CA276A852AFD96D700E88554 /* View */ = {
			isa = PBXGroup;
			children = (
				CA276A862AFEC37500E88554 /* DessertListView.swift */,
				CA276A7C2AFA9F6000E88554 /* DessertRowView.swift */,
				CA276A7A2AFA9A4300E88554 /* DessertDetailView.swift */,
				CA7329B72B045B630023D864 /* SuggestedDessertView.swift */,
			);
			path = View;
			sourceTree = "<group>";
		};
		CA7329B92B05D1B10023D864 /* ViewModel */ = {
			isa = PBXGroup;
			children = (
				CA276A832AFD89CD00E88554 /* ViewModel.swift */,
			);
			path = ViewModel;
			sourceTree = "<group>";
		};
		CA7329BC2B05D85B0023D864 /* Utility */ = {
			isa = PBXGroup;
			children = (
				CA7329BA2B05D8430023D864 /* SimilarDessertButtonStyle.swift */,
				CA7329BD2B05D8C00023D864 /* DessertError.swift */,
			);
			path = Utility;
			sourceTree = "<group>";
		};
/* End PBXGroup section */

/* Begin PBXNativeTarget section */
		CA276A4C2AFA99E100E88554 /* Recipe Browser */ = {
			isa = PBXNativeTarget;
			buildConfigurationList = CA276A712AFA99E400E88554 /* Build configuration list for PBXNativeTarget "Recipe Browser" */;
			buildPhases = (
				CA276A492AFA99E100E88554 /* Sources */,
				CA276A4A2AFA99E100E88554 /* Frameworks */,
				CA276A4B2AFA99E100E88554 /* Resources */,
			);
			buildRules = (
			);
			dependencies = (
			);
			name = "Recipe Browser";
			productName = "Recipe Browser";
			productReference = CA276A4D2AFA99E100E88554 /* Recipe Browser.app */;
			productType = "com.apple.product-type.application";
		};
		CA276A5C2AFA99E400E88554 /* Recipe BrowserTests */ = {
			isa = PBXNativeTarget;
			buildConfigurationList = CA276A742AFA99E400E88554 /* Build configuration list for PBXNativeTarget "Recipe BrowserTests" */;
			buildPhases = (
				CA276A592AFA99E400E88554 /* Sources */,
				CA276A5A2AFA99E400E88554 /* Frameworks */,
				CA276A5B2AFA99E400E88554 /* Resources */,
			);
			buildRules = (
			);
			dependencies = (
				CA276A5F2AFA99E400E88554 /* PBXTargetDependency */,
			);
			name = "Recipe BrowserTests";
			productName = "Recipe BrowserTests";
			productReference = CA276A5D2AFA99E400E88554 /* Recipe BrowserTests.xctest */;
			productType = "com.apple.product-type.bundle.unit-test";
		};
		CA276A662AFA99E400E88554 /* Recipe BrowserUITests */ = {
			isa = PBXNativeTarget;
			buildConfigurationList = CA276A772AFA99E400E88554 /* Build configuration list for PBXNativeTarget "Recipe BrowserUITests" */;
			buildPhases = (
				CA276A632AFA99E400E88554 /* Sources */,
				CA276A642AFA99E400E88554 /* Frameworks */,
				CA276A652AFA99E400E88554 /* Resources */,
			);
			buildRules = (
			);
			dependencies = (
				CA276A692AFA99E400E88554 /* PBXTargetDependency */,
			);
			name = "Recipe BrowserUITests";
			productName = "Recipe BrowserUITests";
			productReference = CA276A672AFA99E400E88554 /* Recipe BrowserUITests.xctest */;
			productType = "com.apple.product-type.bundle.ui-testing";
		};
/* End PBXNativeTarget section */

/* Begin PBXProject section */
		CA276A452AFA99E100E88554 /* Project object */ = {
			isa = PBXProject;
			attributes = {
				BuildIndependentTargetsInParallel = 1;
				LastSwiftUpdateCheck = 1500;
				LastUpgradeCheck = 1500;
				TargetAttributes = {
					CA276A4C2AFA99E100E88554 = {
						CreatedOnToolsVersion = 15.0;
					};
					CA276A5C2AFA99E400E88554 = {
						CreatedOnToolsVersion = 15.0;
						TestTargetID = CA276A4C2AFA99E100E88554;
					};
					CA276A662AFA99E400E88554 = {
						CreatedOnToolsVersion = 15.0;
						TestTargetID = CA276A4C2AFA99E100E88554;
					};
				};
			};
			buildConfigurationList = CA276A482AFA99E100E88554 /* Build configuration list for PBXProject "Recipe Browser" */;
			compatibilityVersion = "Xcode 14.0";
			developmentRegion = en;
			hasScannedForEncodings = 0;
			knownRegions = (
				en,
				Base,
			);
			mainGroup = CA276A442AFA99E100E88554;
			productRefGroup = CA276A4E2AFA99E100E88554 /* Products */;
			projectDirPath = "";
			projectRoot = "";
			targets = (
				CA276A4C2AFA99E100E88554 /* Recipe Browser */,
				CA276A5C2AFA99E400E88554 /* Recipe BrowserTests */,
				CA276A662AFA99E400E88554 /* Recipe BrowserUITests */,
			);
		};
/* End PBXProject section */

/* Begin PBXResourcesBuildPhase section */
		CA276A4B2AFA99E100E88554 /* Resources */ = {
			isa = PBXResourcesBuildPhase;
			buildActionMask = 2147483647;
			files = (
				CA276A582AFA99E400E88554 /* Preview Assets.xcassets in Resources */,
				CA276A552AFA99E400E88554 /* Assets.xcassets in Resources */,
			);
			runOnlyForDeploymentPostprocessing = 0;
		};
		CA276A5B2AFA99E400E88554 /* Resources */ = {
			isa = PBXResourcesBuildPhase;
			buildActionMask = 2147483647;
			files = (
			);
			runOnlyForDeploymentPostprocessing = 0;
		};
		CA276A652AFA99E400E88554 /* Resources */ = {
			isa = PBXResourcesBuildPhase;
			buildActionMask = 2147483647;
			files = (
			);
			runOnlyForDeploymentPostprocessing = 0;
		};
/* End PBXResourcesBuildPhase section */

/* Begin PBXSourcesBuildPhase section */
		CA276A492AFA99E100E88554 /* Sources */ = {
			isa = PBXSourcesBuildPhase;
			buildActionMask = 2147483647;
			files = (
				CA276A872AFEC37500E88554 /* DessertListView.swift in Sources */,
				CA276A532AFA99E100E88554 /* ContentView.swift in Sources */,
				CA276A7B2AFA9A4300E88554 /* DessertDetailView.swift in Sources */,
				CA7329BE2B05D8C00023D864 /* DessertError.swift in Sources */,
				CA7329B82B045B630023D864 /* SuggestedDessertView.swift in Sources */,
				CA276A7F2AFAA41C00E88554 /* Dessert.swift in Sources */,
				CA276A7D2AFA9F6000E88554 /* DessertRowView.swift in Sources */,
				CA7329BB2B05D8430023D864 /* SimilarDessertButtonStyle.swift in Sources */,
				CA276A512AFA99E100E88554 /* Recipe_BrowserApp.swift in Sources */,
				CA276A842AFD89CD00E88554 /* ViewModel.swift in Sources */,
			);
			runOnlyForDeploymentPostprocessing = 0;
		};
		CA276A592AFA99E400E88554 /* Sources */ = {
			isa = PBXSourcesBuildPhase;
			buildActionMask = 2147483647;
			files = (
				CA276A622AFA99E400E88554 /* Recipe_BrowserTests.swift in Sources */,
			);
			runOnlyForDeploymentPostprocessing = 0;
		};
		CA276A632AFA99E400E88554 /* Sources */ = {
			isa = PBXSourcesBuildPhase;
			buildActionMask = 2147483647;
			files = (
				CA276A6C2AFA99E400E88554 /* Recipe_BrowserUITests.swift in Sources */,
				CA276A6E2AFA99E400E88554 /* Recipe_BrowserUITestsLaunchTests.swift in Sources */,
			);
			runOnlyForDeploymentPostprocessing = 0;
		};
/* End PBXSourcesBuildPhase section */

/* Begin PBXTargetDependency section */
		CA276A5F2AFA99E400E88554 /* PBXTargetDependency */ = {
			isa = PBXTargetDependency;
			target = CA276A4C2AFA99E100E88554 /* Recipe Browser */;
			targetProxy = CA276A5E2AFA99E400E88554 /* PBXContainerItemProxy */;
		};
		CA276A692AFA99E400E88554 /* PBXTargetDependency */ = {
			isa = PBXTargetDependency;
			target = CA276A4C2AFA99E100E88554 /* Recipe Browser */;
			targetProxy = CA276A682AFA99E400E88554 /* PBXContainerItemProxy */;
		};
/* End PBXTargetDependency section */

/* Begin XCBuildConfiguration section */
		CA276A6F2AFA99E400E88554 /* Debug */ = {
			isa = XCBuildConfiguration;
			buildSettings = {
				ALWAYS_SEARCH_USER_PATHS = NO;
				ASSETCATALOG_COMPILER_GENERATE_SWIFT_ASSET_SYMBOL_EXTENSIONS = YES;
				CLANG_ANALYZER_NONNULL = YES;
				CLANG_ANALYZER_NUMBER_OBJECT_CONVERSION = YES_AGGRESSIVE;
				CLANG_CXX_LANGUAGE_STANDARD = "gnu++20";
				CLANG_ENABLE_MODULES = YES;
				CLANG_ENABLE_OBJC_ARC = YES;
				CLANG_ENABLE_OBJC_WEAK = YES;
				CLANG_WARN_BLOCK_CAPTURE_AUTORELEASING = YES;
				CLANG_WARN_BOOL_CONVERSION = YES;
				CLANG_WARN_COMMA = YES;
				CLANG_WARN_CONSTANT_CONVERSION = YES;
				CLANG_WARN_DEPRECATED_OBJC_IMPLEMENTATIONS = YES;
				CLANG_WARN_DIRECT_OBJC_ISA_USAGE = YES_ERROR;
				CLANG_WARN_DOCUMENTATION_COMMENTS = YES;
				CLANG_WARN_EMPTY_BODY = YES;
				CLANG_WARN_ENUM_CONVERSION = YES;
				CLANG_WARN_INFINITE_RECURSION = YES;
				CLANG_WARN_INT_CONVERSION = YES;
				CLANG_WARN_NON_LITERAL_NULL_CONVERSION = YES;
				CLANG_WARN_OBJC_IMPLICIT_RETAIN_SELF = YES;
				CLANG_WARN_OBJC_LITERAL_CONVERSION = YES;
				CLANG_WARN_OBJC_ROOT_CLASS = YES_ERROR;
				CLANG_WARN_QUOTED_INCLUDE_IN_FRAMEWORK_HEADER = YES;
				CLANG_WARN_RANGE_LOOP_ANALYSIS = YES;
				CLANG_WARN_STRICT_PROTOTYPES = YES;
				CLANG_WARN_SUSPICIOUS_MOVE = YES;
				CLANG_WARN_UNGUARDED_AVAILABILITY = YES_AGGRESSIVE;
				CLANG_WARN_UNREACHABLE_CODE = YES;
				CLANG_WARN__DUPLICATE_METHOD_MATCH = YES;
				COPY_PHASE_STRIP = NO;
				DEBUG_INFORMATION_FORMAT = dwarf;
				ENABLE_STRICT_OBJC_MSGSEND = YES;
				ENABLE_TESTABILITY = YES;
				ENABLE_USER_SCRIPT_SANDBOXING = YES;
				GCC_C_LANGUAGE_STANDARD = gnu17;
				GCC_DYNAMIC_NO_PIC = NO;
				GCC_NO_COMMON_BLOCKS = YES;
				GCC_OPTIMIZATION_LEVEL = 0;
				GCC_PREPROCESSOR_DEFINITIONS = (
					"DEBUG=1",
					"$(inherited)",
				);
				GCC_WARN_64_TO_32_BIT_CONVERSION = YES;
				GCC_WARN_ABOUT_RETURN_TYPE = YES_ERROR;
				GCC_WARN_UNDECLARED_SELECTOR = YES;
				GCC_WARN_UNINITIALIZED_AUTOS = YES_AGGRESSIVE;
				GCC_WARN_UNUSED_FUNCTION = YES;
				GCC_WARN_UNUSED_VARIABLE = YES;
				IPHONEOS_DEPLOYMENT_TARGET = 17.0;
				LOCALIZATION_PREFERS_STRING_CATALOGS = YES;
				MTL_ENABLE_DEBUG_INFO = INCLUDE_SOURCE;
				MTL_FAST_MATH = YES;
				ONLY_ACTIVE_ARCH = YES;
				SDKROOT = iphoneos;
				SWIFT_ACTIVE_COMPILATION_CONDITIONS = "DEBUG $(inherited)";
				SWIFT_OPTIMIZATION_LEVEL = "-Onone";
			};
			name = Debug;
		};
		CA276A702AFA99E400E88554 /* Release */ = {
			isa = XCBuildConfiguration;
			buildSettings = {
				ALWAYS_SEARCH_USER_PATHS = NO;
				ASSETCATALOG_COMPILER_GENERATE_SWIFT_ASSET_SYMBOL_EXTENSIONS = YES;
				CLANG_ANALYZER_NONNULL = YES;
				CLANG_ANALYZER_NUMBER_OBJECT_CONVERSION = YES_AGGRESSIVE;
				CLANG_CXX_LANGUAGE_STANDARD = "gnu++20";
				CLANG_ENABLE_MODULES = YES;
				CLANG_ENABLE_OBJC_ARC = YES;
				CLANG_ENABLE_OBJC_WEAK = YES;
				CLANG_WARN_BLOCK_CAPTURE_AUTORELEASING = YES;
				CLANG_WARN_BOOL_CONVERSION = YES;
				CLANG_WARN_COMMA = YES;
				CLANG_WARN_CONSTANT_CONVERSION = YES;
				CLANG_WARN_DEPRECATED_OBJC_IMPLEMENTATIONS = YES;
				CLANG_WARN_DIRECT_OBJC_ISA_USAGE = YES_ERROR;
				CLANG_WARN_DOCUMENTATION_COMMENTS = YES;
				CLANG_WARN_EMPTY_BODY = YES;
				CLANG_WARN_ENUM_CONVERSION = YES;
				CLANG_WARN_INFINITE_RECURSION = YES;
				CLANG_WARN_INT_CONVERSION = YES;
				CLANG_WARN_NON_LITERAL_NULL_CONVERSION = YES;
				CLANG_WARN_OBJC_IMPLICIT_RETAIN_SELF = YES;
				CLANG_WARN_OBJC_LITERAL_CONVERSION = YES;
				CLANG_WARN_OBJC_ROOT_CLASS = YES_ERROR;
				CLANG_WARN_QUOTED_INCLUDE_IN_FRAMEWORK_HEADER = YES;
				CLANG_WARN_RANGE_LOOP_ANALYSIS = YES;
				CLANG_WARN_STRICT_PROTOTYPES = YES;
				CLANG_WARN_SUSPICIOUS_MOVE = YES;
				CLANG_WARN_UNGUARDED_AVAILABILITY = YES_AGGRESSIVE;
				CLANG_WARN_UNREACHABLE_CODE = YES;
				CLANG_WARN__DUPLICATE_METHOD_MATCH = YES;
				COPY_PHASE_STRIP = NO;
				DEBUG_INFORMATION_FORMAT = "dwarf-with-dsym";
				ENABLE_NS_ASSERTIONS = NO;
				ENABLE_STRICT_OBJC_MSGSEND = YES;
				ENABLE_USER_SCRIPT_SANDBOXING = YES;
				GCC_C_LANGUAGE_STANDARD = gnu17;
				GCC_NO_COMMON_BLOCKS = YES;
				GCC_WARN_64_TO_32_BIT_CONVERSION = YES;
				GCC_WARN_ABOUT_RETURN_TYPE = YES_ERROR;
				GCC_WARN_UNDECLARED_SELECTOR = YES;
				GCC_WARN_UNINITIALIZED_AUTOS = YES_AGGRESSIVE;
				GCC_WARN_UNUSED_FUNCTION = YES;
				GCC_WARN_UNUSED_VARIABLE = YES;
				IPHONEOS_DEPLOYMENT_TARGET = 17.0;
				LOCALIZATION_PREFERS_STRING_CATALOGS = YES;
				MTL_ENABLE_DEBUG_INFO = NO;
				MTL_FAST_MATH = YES;
				SDKROOT = iphoneos;
				SWIFT_COMPILATION_MODE = wholemodule;
				VALIDATE_PRODUCT = YES;
			};
			name = Release;
		};
		CA276A722AFA99E400E88554 /* Debug */ = {
			isa = XCBuildConfiguration;
			buildSettings = {
				ASSETCATALOG_COMPILER_APPICON_NAME = AppIcon;
				ASSETCATALOG_COMPILER_GLOBAL_ACCENT_COLOR_NAME = AccentColor;
				CODE_SIGN_STYLE = Automatic;
				CURRENT_PROJECT_VERSION = 1;
				DEVELOPMENT_ASSET_PATHS = "\"Recipe Browser/Preview Content\"";
				DEVELOPMENT_TEAM = URAR77RVCD;
				ENABLE_PREVIEWS = YES;
				GENERATE_INFOPLIST_FILE = YES;
				INFOPLIST_KEY_CFBundleDisplayName = "Dessert Diary";
				INFOPLIST_KEY_LSApplicationCategoryType = "public.app-category.food-and-drink";
				INFOPLIST_KEY_UIApplicationSceneManifest_Generation = YES;
				INFOPLIST_KEY_UIApplicationSupportsIndirectInputEvents = YES;
				INFOPLIST_KEY_UILaunchScreen_Generation = YES;
				INFOPLIST_KEY_UISupportedInterfaceOrientations_iPad = "UIInterfaceOrientationPortrait UIInterfaceOrientationPortraitUpsideDown UIInterfaceOrientationLandscapeLeft UIInterfaceOrientationLandscapeRight";
				INFOPLIST_KEY_UISupportedInterfaceOrientations_iPhone = "UIInterfaceOrientationPortrait UIInterfaceOrientationLandscapeLeft UIInterfaceOrientationLandscapeRight";
				IPHONEOS_DEPLOYMENT_TARGET = 17.0;
				LD_RUNPATH_SEARCH_PATHS = (
					"$(inherited)",
					"@executable_path/Frameworks",
				);
				MARKETING_VERSION = 1.0;
				PRODUCT_BUNDLE_IDENTIFIER = "com.BrandonJadotte.FetchCodingChallenge.Recipe-Browser";
				PRODUCT_NAME = "$(TARGET_NAME)";
				SWIFT_EMIT_LOC_STRINGS = YES;
				SWIFT_VERSION = 5.0;
				TARGETED_DEVICE_FAMILY = "1,2";
			};
			name = Debug;
		};
		CA276A732AFA99E400E88554 /* Release */ = {
			isa = XCBuildConfiguration;
			buildSettings = {
				ASSETCATALOG_COMPILER_APPICON_NAME = AppIcon;
				ASSETCATALOG_COMPILER_GLOBAL_ACCENT_COLOR_NAME = AccentColor;
				CODE_SIGN_STYLE = Automatic;
				CURRENT_PROJECT_VERSION = 1;
				DEVELOPMENT_ASSET_PATHS = "\"Recipe Browser/Preview Content\"";
				DEVELOPMENT_TEAM = URAR77RVCD;
				ENABLE_PREVIEWS = YES;
				GENERATE_INFOPLIST_FILE = YES;
				INFOPLIST_KEY_CFBundleDisplayName = "Dessert Diary";
				INFOPLIST_KEY_LSApplicationCategoryType = "public.app-category.food-and-drink";
				INFOPLIST_KEY_UIApplicationSceneManifest_Generation = YES;
				INFOPLIST_KEY_UIApplicationSupportsIndirectInputEvents = YES;
				INFOPLIST_KEY_UILaunchScreen_Generation = YES;
				INFOPLIST_KEY_UISupportedInterfaceOrientations_iPad = "UIInterfaceOrientationPortrait UIInterfaceOrientationPortraitUpsideDown UIInterfaceOrientationLandscapeLeft UIInterfaceOrientationLandscapeRight";
				INFOPLIST_KEY_UISupportedInterfaceOrientations_iPhone = "UIInterfaceOrientationPortrait UIInterfaceOrientationLandscapeLeft UIInterfaceOrientationLandscapeRight";
				IPHONEOS_DEPLOYMENT_TARGET = 17.0;
				LD_RUNPATH_SEARCH_PATHS = (
					"$(inherited)",
					"@executable_path/Frameworks",
				);
				MARKETING_VERSION = 1.0;
				PRODUCT_BUNDLE_IDENTIFIER = "com.BrandonJadotte.FetchCodingChallenge.Recipe-Browser";
				PRODUCT_NAME = "$(TARGET_NAME)";
				SWIFT_EMIT_LOC_STRINGS = YES;
				SWIFT_VERSION = 5.0;
				TARGETED_DEVICE_FAMILY = "1,2";
			};
			name = Release;
		};
		CA276A752AFA99E400E88554 /* Debug */ = {
			isa = XCBuildConfiguration;
			buildSettings = {
				ALWAYS_EMBED_SWIFT_STANDARD_LIBRARIES = YES;
				BUNDLE_LOADER = "$(TEST_HOST)";
				CODE_SIGN_STYLE = Automatic;
				CURRENT_PROJECT_VERSION = 1;
				DEVELOPMENT_TEAM = URAR77RVCD;
				GENERATE_INFOPLIST_FILE = YES;
				IPHONEOS_DEPLOYMENT_TARGET = 17.0;
				MARKETING_VERSION = 1.0;
				PRODUCT_BUNDLE_IDENTIFIER = "com.BrandonJadotte.FetchCodingChallenge.Recipe-BrowserTests";
				PRODUCT_NAME = "$(TARGET_NAME)";
				SWIFT_EMIT_LOC_STRINGS = NO;
				SWIFT_VERSION = 5.0;
				TARGETED_DEVICE_FAMILY = "1,2";
				TEST_HOST = "$(BUILT_PRODUCTS_DIR)/Recipe Browser.app/$(BUNDLE_EXECUTABLE_FOLDER_PATH)/Recipe Browser";
			};
			name = Debug;
		};
		CA276A762AFA99E400E88554 /* Release */ = {
			isa = XCBuildConfiguration;
			buildSettings = {
				ALWAYS_EMBED_SWIFT_STANDARD_LIBRARIES = YES;
				BUNDLE_LOADER = "$(TEST_HOST)";
				CODE_SIGN_STYLE = Automatic;
				CURRENT_PROJECT_VERSION = 1;
				DEVELOPMENT_TEAM = URAR77RVCD;
				GENERATE_INFOPLIST_FILE = YES;
				IPHONEOS_DEPLOYMENT_TARGET = 17.0;
				MARKETING_VERSION = 1.0;
				PRODUCT_BUNDLE_IDENTIFIER = "com.BrandonJadotte.FetchCodingChallenge.Recipe-BrowserTests";
				PRODUCT_NAME = "$(TARGET_NAME)";
				SWIFT_EMIT_LOC_STRINGS = NO;
				SWIFT_VERSION = 5.0;
				TARGETED_DEVICE_FAMILY = "1,2";
				TEST_HOST = "$(BUILT_PRODUCTS_DIR)/Recipe Browser.app/$(BUNDLE_EXECUTABLE_FOLDER_PATH)/Recipe Browser";
			};
			name = Release;
		};
		CA276A782AFA99E400E88554 /* Debug */ = {
			isa = XCBuildConfiguration;
			buildSettings = {
				ALWAYS_EMBED_SWIFT_STANDARD_LIBRARIES = YES;
				CODE_SIGN_STYLE = Automatic;
				CURRENT_PROJECT_VERSION = 1;
				DEVELOPMENT_TEAM = URAR77RVCD;
				GENERATE_INFOPLIST_FILE = YES;
				MARKETING_VERSION = 1.0;
				PRODUCT_BUNDLE_IDENTIFIER = "com.BrandonJadotte.FetchCodingChallenge.Recipe-BrowserUITests";
				PRODUCT_NAME = "$(TARGET_NAME)";
				SWIFT_EMIT_LOC_STRINGS = NO;
				SWIFT_VERSION = 5.0;
				TARGETED_DEVICE_FAMILY = "1,2";
				TEST_TARGET_NAME = "Recipe Browser";
			};
			name = Debug;
		};
		CA276A792AFA99E400E88554 /* Release */ = {
			isa = XCBuildConfiguration;
			buildSettings = {
				ALWAYS_EMBED_SWIFT_STANDARD_LIBRARIES = YES;
				CODE_SIGN_STYLE = Automatic;
				CURRENT_PROJECT_VERSION = 1;
				DEVELOPMENT_TEAM = URAR77RVCD;
				GENERATE_INFOPLIST_FILE = YES;
				MARKETING_VERSION = 1.0;
				PRODUCT_BUNDLE_IDENTIFIER = "com.BrandonJadotte.FetchCodingChallenge.Recipe-BrowserUITests";
				PRODUCT_NAME = "$(TARGET_NAME)";
				SWIFT_EMIT_LOC_STRINGS = NO;
				SWIFT_VERSION = 5.0;
				TARGETED_DEVICE_FAMILY = "1,2";
				TEST_TARGET_NAME = "Recipe Browser";
			};
			name = Release;
		};
/* End XCBuildConfiguration section */

/* Begin XCConfigurationList section */
		CA276A482AFA99E100E88554 /* Build configuration list for PBXProject "Recipe Browser" */ = {
			isa = XCConfigurationList;
			buildConfigurations = (
				CA276A6F2AFA99E400E88554 /* Debug */,
				CA276A702AFA99E400E88554 /* Release */,
			);
			defaultConfigurationIsVisible = 0;
			defaultConfigurationName = Release;
		};
		CA276A712AFA99E400E88554 /* Build configuration list for PBXNativeTarget "Recipe Browser" */ = {
			isa = XCConfigurationList;
			buildConfigurations = (
				CA276A722AFA99E400E88554 /* Debug */,
				CA276A732AFA99E400E88554 /* Release */,
			);
			defaultConfigurationIsVisible = 0;
			defaultConfigurationName = Release;
		};
		CA276A742AFA99E400E88554 /* Build configuration list for PBXNativeTarget "Recipe BrowserTests" */ = {
			isa = XCConfigurationList;
			buildConfigurations = (
				CA276A752AFA99E400E88554 /* Debug */,
				CA276A762AFA99E400E88554 /* Release */,
			);
			defaultConfigurationIsVisible = 0;
			defaultConfigurationName = Release;
		};
		CA276A772AFA99E400E88554 /* Build configuration list for PBXNativeTarget "Recipe BrowserUITests" */ = {
			isa = XCConfigurationList;
			buildConfigurations = (
				CA276A782AFA99E400E88554 /* Debug */,
				CA276A792AFA99E400E88554 /* Release */,
			);
			defaultConfigurationIsVisible = 0;
			defaultConfigurationName = Release;
		};
/* End XCConfigurationList section */
	};
	rootObject = CA276A452AFA99E100E88554 /* Project object */;
}
